// !$*UTF8*$!
{
	archiveVersion = 1;
	classes = {
	};
	objectVersion = 50;
	objects = {

/* Begin PBXBuildFile section */
		49FDC963222412BB0038D991 /* AppDelegate.swift in Sources */ = {isa = PBXBuildFile; fileRef = 49FDC962222412BB0038D991 /* AppDelegate.swift */; };
		49FDC965222412BB0038D991 /* ViewController.swift in Sources */ = {isa = PBXBuildFile; fileRef = 49FDC964222412BB0038D991 /* ViewController.swift */; };
		49FDC968222412BB0038D991 /* Main.storyboard in Resources */ = {isa = PBXBuildFile; fileRef = 49FDC966222412BB0038D991 /* Main.storyboard */; };
		49FDC96A222412BD0038D991 /* Assets.xcassets in Resources */ = {isa = PBXBuildFile; fileRef = 49FDC969222412BD0038D991 /* Assets.xcassets */; };
		49FDC96D222412BD0038D991 /* LaunchScreen.storyboard in Resources */ = {isa = PBXBuildFile; fileRef = 49FDC96B222412BD0038D991 /* LaunchScreen.storyboard */; };
		49FDC978222412BD0038D991 /* ContactListTests.swift in Sources */ = {isa = PBXBuildFile; fileRef = 49FDC977222412BD0038D991 /* ContactListTests.swift */; };
		49FDC983222412BD0038D991 /* ContactListUITests.swift in Sources */ = {isa = PBXBuildFile; fileRef = 49FDC982222412BD0038D991 /* ContactListUITests.swift */; };
		49FDC991222415CE0038D991 /* ContactStruct.swift in Sources */ = {isa = PBXBuildFile; fileRef = 49FDC990222415CE0038D991 /* ContactStruct.swift */; };
		49FDC9932224227C0038D991 /* ContactInfoViewController.swift in Sources */ = {isa = PBXBuildFile; fileRef = 49FDC9922224227C0038D991 /* ContactInfoViewController.swift */; };
/* End PBXBuildFile section */

/* Begin PBXContainerItemProxy section */
		49FDC974222412BD0038D991 /* PBXContainerItemProxy */ = {
			isa = PBXContainerItemProxy;
			containerPortal = 49FDC957222412BB0038D991 /* Project object */;
			proxyType = 1;
			remoteGlobalIDString = 49FDC95E222412BB0038D991;
			remoteInfo = ContactList;
		};
		49FDC97F222412BD0038D991 /* PBXContainerItemProxy */ = {
			isa = PBXContainerItemProxy;
			containerPortal = 49FDC957222412BB0038D991 /* Project object */;
			proxyType = 1;
			remoteGlobalIDString = 49FDC95E222412BB0038D991;
			remoteInfo = ContactList;
		};
/* End PBXContainerItemProxy section */

/* Begin PBXFileReference section */
		49FDC95F222412BB0038D991 /* ContactList.app */ = {isa = PBXFileReference; explicitFileType = wrapper.application; includeInIndex = 0; path = ContactList.app; sourceTree = BUILT_PRODUCTS_DIR; };
		49FDC962222412BB0038D991 /* AppDelegate.swift */ = {isa = PBXFileReference; lastKnownFileType = sourcecode.swift; path = AppDelegate.swift; sourceTree = "<group>"; };
		49FDC964222412BB0038D991 /* ViewController.swift */ = {isa = PBXFileReference; lastKnownFileType = sourcecode.swift; path = ViewController.swift; sourceTree = "<group>"; };
		49FDC967222412BB0038D991 /* Base */ = {isa = PBXFileReference; lastKnownFileType = file.storyboard; name = Base; path = Base.lproj/Main.storyboard; sourceTree = "<group>"; };
		49FDC969222412BD0038D991 /* Assets.xcassets */ = {isa = PBXFileReference; lastKnownFileType = folder.assetcatalog; path = Assets.xcassets; sourceTree = "<group>"; };
		49FDC96C222412BD0038D991 /* Base */ = {isa = PBXFileReference; lastKnownFileType = file.storyboard; name = Base; path = Base.lproj/LaunchScreen.storyboard; sourceTree = "<group>"; };
		49FDC96E222412BD0038D991 /* Info.plist */ = {isa = PBXFileReference; lastKnownFileType = text.plist.xml; path = Info.plist; sourceTree = "<group>"; };
		49FDC973222412BD0038D991 /* ContactListTests.xctest */ = {isa = PBXFileReference; explicitFileType = wrapper.cfbundle; includeInIndex = 0; path = ContactListTests.xctest; sourceTree = BUILT_PRODUCTS_DIR; };
		49FDC977222412BD0038D991 /* ContactListTests.swift */ = {isa = PBXFileReference; lastKnownFileType = sourcecode.swift; path = ContactListTests.swift; sourceTree = "<group>"; };
		49FDC979222412BD0038D991 /* Info.plist */ = {isa = PBXFileReference; lastKnownFileType = text.plist.xml; path = Info.plist; sourceTree = "<group>"; };
		49FDC97E222412BD0038D991 /* ContactListUITests.xctest */ = {isa = PBXFileReference; explicitFileType = wrapper.cfbundle; includeInIndex = 0; path = ContactListUITests.xctest; sourceTree = BUILT_PRODUCTS_DIR; };
		49FDC982222412BD0038D991 /* ContactListUITests.swift */ = {isa = PBXFileReference; lastKnownFileType = sourcecode.swift; path = ContactListUITests.swift; sourceTree = "<group>"; };
		49FDC984222412BD0038D991 /* Info.plist */ = {isa = PBXFileReference; lastKnownFileType = text.plist.xml; path = Info.plist; sourceTree = "<group>"; };
		49FDC990222415CE0038D991 /* ContactStruct.swift */ = {isa = PBXFileReference; lastKnownFileType = sourcecode.swift; path = ContactStruct.swift; sourceTree = "<group>"; };
		49FDC9922224227C0038D991 /* ContactInfoViewController.swift */ = {isa = PBXFileReference; lastKnownFileType = sourcecode.swift; path = ContactInfoViewController.swift; sourceTree = "<group>"; };
/* End PBXFileReference section */

/* Begin PBXFrameworksBuildPhase section */
		49FDC95C222412BB0038D991 /* Frameworks */ = {
			isa = PBXFrameworksBuildPhase;
			buildActionMask = 2147483647;
			files = (
			);
			runOnlyForDeploymentPostprocessing = 0;
		};
		49FDC970222412BD0038D991 /* Frameworks */ = {
			isa = PBXFrameworksBuildPhase;
			buildActionMask = 2147483647;
			files = (
			);
			runOnlyForDeploymentPostprocessing = 0;
		};
		49FDC97B222412BD0038D991 /* Frameworks */ = {
			isa = PBXFrameworksBuildPhase;
			buildActionMask = 2147483647;
			files = (
			);
			runOnlyForDeploymentPostprocessing = 0;
		};
/* End PBXFrameworksBuildPhase section */

/* Begin PBXGroup section */
		49FDC956222412BB0038D991 = {
			isa = PBXGroup;
			children = (
				49FDC961222412BB0038D991 /* ContactList */,
				49FDC976222412BD0038D991 /* ContactListTests */,
				49FDC981222412BD0038D991 /* ContactListUITests */,
				49FDC960222412BB0038D991 /* Products */,
			);
			sourceTree = "<group>";
		};
		49FDC960222412BB0038D991 /* Products */ = {
			isa = PBXGroup;
			children = (
				49FDC95F222412BB0038D991 /* ContactList.app */,
				49FDC973222412BD0038D991 /* ContactListTests.xctest */,
				49FDC97E222412BD0038D991 /* ContactListUITests.xctest */,
			);
			name = Products;
			sourceTree = "<group>";
		};
		49FDC961222412BB0038D991 /* ContactList */ = {
			isa = PBXGroup;
			children = (
				49FDC962222412BB0038D991 /* AppDelegate.swift */,
				49FDC964222412BB0038D991 /* ViewController.swift */,
				49FDC966222412BB0038D991 /* Main.storyboard */,
				49FDC9922224227C0038D991 /* ContactInfoViewController.swift */,
				49FDC990222415CE0038D991 /* ContactStruct.swift */,
				49FDC969222412BD0038D991 /* Assets.xcassets */,
				49FDC96B222412BD0038D991 /* LaunchScreen.storyboard */,
				49FDC96E222412BD0038D991 /* Info.plist */,
			);
			path = ContactList;
			sourceTree = "<group>";
		};
		49FDC976222412BD0038D991 /* ContactListTests */ = {
			isa = PBXGroup;
			children = (
				49FDC977222412BD0038D991 /* ContactListTests.swift */,
				49FDC979222412BD0038D991 /* Info.plist */,
			);
			path = ContactListTests;
			sourceTree = "<group>";
		};
		49FDC981222412BD0038D991 /* ContactListUITests */ = {
			isa = PBXGroup;
			children = (
				49FDC982222412BD0038D991 /* ContactListUITests.swift */,
				49FDC984222412BD0038D991 /* Info.plist */,
			);
			path = ContactListUITests;
			sourceTree = "<group>";
		};
/* End PBXGroup section */

/* Begin PBXNativeTarget section */
		49FDC95E222412BB0038D991 /* ContactList */ = {
			isa = PBXNativeTarget;
			buildConfigurationList = 49FDC987222412BD0038D991 /* Build configuration list for PBXNativeTarget "ContactList" */;
			buildPhases = (
				49FDC95B222412BB0038D991 /* Sources */,
				49FDC95C222412BB0038D991 /* Frameworks */,
				49FDC95D222412BB0038D991 /* Resources */,
			);
			buildRules = (
			);
			dependencies = (
			);
			name = ContactList;
			productName = ContactList;
			productReference = 49FDC95F222412BB0038D991 /* ContactList.app */;
			productType = "com.apple.product-type.application";
		};
		49FDC972222412BD0038D991 /* ContactListTests */ = {
			isa = PBXNativeTarget;
			buildConfigurationList = 49FDC98A222412BD0038D991 /* Build configuration list for PBXNativeTarget "ContactListTests" */;
			buildPhases = (
				49FDC96F222412BD0038D991 /* Sources */,
				49FDC970222412BD0038D991 /* Frameworks */,
				49FDC971222412BD0038D991 /* Resources */,
			);
			buildRules = (
			);
			dependencies = (
				49FDC975222412BD0038D991 /* PBXTargetDependency */,
			);
			name = ContactListTests;
			productName = ContactListTests;
			productReference = 49FDC973222412BD0038D991 /* ContactListTests.xctest */;
			productType = "com.apple.product-type.bundle.unit-test";
		};
		49FDC97D222412BD0038D991 /* ContactListUITests */ = {
			isa = PBXNativeTarget;
			buildConfigurationList = 49FDC98D222412BD0038D991 /* Build configuration list for PBXNativeTarget "ContactListUITests" */;
			buildPhases = (
				49FDC97A222412BD0038D991 /* Sources */,
				49FDC97B222412BD0038D991 /* Frameworks */,
				49FDC97C222412BD0038D991 /* Resources */,
			);
			buildRules = (
			);
			dependencies = (
				49FDC980222412BD0038D991 /* PBXTargetDependency */,
			);
			name = ContactListUITests;
			productName = ContactListUITests;
			productReference = 49FDC97E222412BD0038D991 /* ContactListUITests.xctest */;
			productType = "com.apple.product-type.bundle.ui-testing";
		};
/* End PBXNativeTarget section */

/* Begin PBXProject section */
		49FDC957222412BB0038D991 /* Project object */ = {
			isa = PBXProject;
			attributes = {
				LastSwiftUpdateCheck = 1010;
				LastUpgradeCheck = 1010;
				ORGANIZATIONNAME = IMCS2;
				TargetAttributes = {
					49FDC95E222412BB0038D991 = {
						CreatedOnToolsVersion = 10.1;
					};
					49FDC972222412BD0038D991 = {
						CreatedOnToolsVersion = 10.1;
						TestTargetID = 49FDC95E222412BB0038D991;
					};
					49FDC97D222412BD0038D991 = {
						CreatedOnToolsVersion = 10.1;
						TestTargetID = 49FDC95E222412BB0038D991;
					};
				};
			};
			buildConfigurationList = 49FDC95A222412BB0038D991 /* Build configuration list for PBXProject "ContactList" */;
			compatibilityVersion = "Xcode 9.3";
			developmentRegion = en;
			hasScannedForEncodings = 0;
			knownRegions = (
				en,
				Base,
			);
			mainGroup = 49FDC956222412BB0038D991;
			productRefGroup = 49FDC960222412BB0038D991 /* Products */;
			projectDirPath = "";
			projectRoot = "";
			targets = (
				49FDC95E222412BB0038D991 /* ContactList */,
				49FDC972222412BD0038D991 /* ContactListTests */,
				49FDC97D222412BD0038D991 /* ContactListUITests */,
			);
		};
/* End PBXProject section */

/* Begin PBXResourcesBuildPhase section */
		49FDC95D222412BB0038D991 /* Resources */ = {
			isa = PBXResourcesBuildPhase;
			buildActionMask = 2147483647;
			files = (
				49FDC96D222412BD0038D991 /* LaunchScreen.storyboard in Resources */,
				49FDC96A222412BD0038D991 /* Assets.xcassets in Resources */,
				49FDC968222412BB0038D991 /* Main.storyboard in Resources */,
			);
			runOnlyForDeploymentPostprocessing = 0;
		};
		49FDC971222412BD0038D991 /* Resources */ = {
			isa = PBXResourcesBuildPhase;
			buildActionMask = 2147483647;
			files = (
			);
			runOnlyForDeploymentPostprocessing = 0;
		};
		49FDC97C222412BD0038D991 /* Resources */ = {
			isa = PBXResourcesBuildPhase;
			buildActionMask = 2147483647;
			files = (
			);
			runOnlyForDeploymentPostprocessing = 0;
		};
/* End PBXResourcesBuildPhase section */

/* Begin PBXSourcesBuildPhase section */
		49FDC95B222412BB0038D991 /* Sources */ = {
			isa = PBXSourcesBuildPhase;
			buildActionMask = 2147483647;
			files = (
				49FDC965222412BB0038D991 /* ViewController.swift in Sources */,
				49FDC9932224227C0038D991 /* ContactInfoViewController.swift in Sources */,
				49FDC991222415CE0038D991 /* ContactStruct.swift in Sources */,
				49FDC963222412BB0038D991 /* AppDelegate.swift in Sources */,
			);
			runOnlyForDeploymentPostprocessing = 0;
		};
		49FDC96F222412BD0038D991 /* Sources */ = {
			isa = PBXSourcesBuildPhase;
			buildActionMask = 2147483647;
			files = (
				49FDC978222412BD0038D991 /* ContactListTests.swift in Sources */,
			);
			runOnlyForDeploymentPostprocessing = 0;
		};
		49FDC97A222412BD0038D991 /* Sources */ = {
			isa = PBXSourcesBuildPhase;
			buildActionMask = 2147483647;
			files = (
				49FDC983222412BD0038D991 /* ContactListUITests.swift in Sources */,
			);
			runOnlyForDeploymentPostprocessing = 0;
		};
/* End PBXSourcesBuildPhase section */

/* Begin PBXTargetDependency section */
		49FDC975222412BD0038D991 /* PBXTargetDependency */ = {
			isa = PBXTargetDependency;
			target = 49FDC95E222412BB0038D991 /* ContactList */;
			targetProxy = 49FDC974222412BD0038D991 /* PBXContainerItemProxy */;
		};
		49FDC980222412BD0038D991 /* PBXTargetDependency */ = {
			isa = PBXTargetDependency;
			target = 49FDC95E222412BB0038D991 /* ContactList */;
			targetProxy = 49FDC97F222412BD0038D991 /* PBXContainerItemProxy */;
		};
/* End PBXTargetDependency section */

/* Begin PBXVariantGroup section */
		49FDC966222412BB0038D991 /* Main.storyboard */ = {
			isa = PBXVariantGroup;
			children = (
				49FDC967222412BB0038D991 /* Base */,
			);
			name = Main.storyboard;
			sourceTree = "<group>";
		};
		49FDC96B222412BD0038D991 /* LaunchScreen.storyboard */ = {
			isa = PBXVariantGroup;
			children = (
				49FDC96C222412BD0038D991 /* Base */,
			);
			name = LaunchScreen.storyboard;
			sourceTree = "<group>";
		};
/* End PBXVariantGroup section */

/* Begin XCBuildConfiguration section */
		49FDC985222412BD0038D991 /* Debug */ = {
			isa = XCBuildConfiguration;
			buildSettings = {
				ALWAYS_SEARCH_USER_PATHS = NO;
				CLANG_ANALYZER_NONNULL = YES;
				CLANG_ANALYZER_NUMBER_OBJECT_CONVERSION = YES_AGGRESSIVE;
				CLANG_CXX_LANGUAGE_STANDARD = "gnu++14";
				CLANG_CXX_LIBRARY = "libc++";
				CLANG_ENABLE_MODULES = YES;
				CLANG_ENABLE_OBJC_ARC = YES;
				CLANG_ENABLE_OBJC_WEAK = YES;
				CLANG_WARN_BLOCK_CAPTURE_AUTORELEASING = YES;
				CLANG_WARN_BOOL_CONVERSION = YES;
				CLANG_WARN_COMMA = YES;
				CLANG_WARN_CONSTANT_CONVERSION = YES;
				CLANG_WARN_DEPRECATED_OBJC_IMPLEMENTATIONS = YES;
				CLANG_WARN_DIRECT_OBJC_ISA_USAGE = YES_ERROR;
				CLANG_WARN_DOCUMENTATION_COMMENTS = YES;
				CLANG_WARN_EMPTY_BODY = YES;
				CLANG_WARN_ENUM_CONVERSION = YES;
				CLANG_WARN_INFINITE_RECURSION = YES;
				CLANG_WARN_INT_CONVERSION = YES;
				CLANG_WARN_NON_LITERAL_NULL_CONVERSION = YES;
				CLANG_WARN_OBJC_IMPLICIT_RETAIN_SELF = YES;
				CLANG_WARN_OBJC_LITERAL_CONVERSION = YES;
				CLANG_WARN_OBJC_ROOT_CLASS = YES_ERROR;
				CLANG_WARN_RANGE_LOOP_ANALYSIS = YES;
				CLANG_WARN_STRICT_PROTOTYPES = YES;
				CLANG_WARN_SUSPICIOUS_MOVE = YES;
				CLANG_WARN_UNGUARDED_AVAILABILITY = YES_AGGRESSIVE;
				CLANG_WARN_UNREACHABLE_CODE = YES;
				CLANG_WARN__DUPLICATE_METHOD_MATCH = YES;
				CODE_SIGN_IDENTITY = "iPhone Developer";
				COPY_PHASE_STRIP = NO;
				DEBUG_INFORMATION_FORMAT = dwarf;
				ENABLE_STRICT_OBJC_MSGSEND = YES;
				ENABLE_TESTABILITY = YES;
				GCC_C_LANGUAGE_STANDARD = gnu11;
				GCC_DYNAMIC_NO_PIC = NO;
				GCC_NO_COMMON_BLOCKS = YES;
				GCC_OPTIMIZATION_LEVEL = 0;
				GCC_PREPROCESSOR_DEFINITIONS = (
					"DEBUG=1",
					"$(inherited)",
				);
				GCC_WARN_64_TO_32_BIT_CONVERSION = YES;
				GCC_WARN_ABOUT_RETURN_TYPE = YES_ERROR;
				GCC_WARN_UNDECLARED_SELECTOR = YES;
				GCC_WARN_UNINITIALIZED_AUTOS = YES_AGGRESSIVE;
				GCC_WARN_UNUSED_FUNCTION = YES;
				GCC_WARN_UNUSED_VARIABLE = YES;
				IPHONEOS_DEPLOYMENT_TARGET = 12.1;
				MTL_ENABLE_DEBUG_INFO = INCLUDE_SOURCE;
				MTL_FAST_MATH = YES;
				ONLY_ACTIVE_ARCH = YES;
				SDKROOT = iphoneos;
				SWIFT_ACTIVE_COMPILATION_CONDITIONS = DEBUG;
				SWIFT_OPTIMIZATION_LEVEL = "-Onone";
			};
			name = Debug;
		};
		49FDC986222412BD0038D991 /* Release */ = {
			isa = XCBuildConfiguration;
			buildSettings = {
				ALWAYS_SEARCH_USER_PATHS = NO;
				CLANG_ANALYZER_NONNULL = YES;
				CLANG_ANALYZER_NUMBER_OBJECT_CONVERSION = YES_AGGRESSIVE;
				CLANG_CXX_LANGUAGE_STANDARD = "gnu++14";
				CLANG_CXX_LIBRARY = "libc++";
				CLANG_ENABLE_MODULES = YES;
				CLANG_ENABLE_OBJC_ARC = YES;
				CLANG_ENABLE_OBJC_WEAK = YES;
				CLANG_WARN_BLOCK_CAPTURE_AUTORELEASING = YES;
				CLANG_WARN_BOOL_CONVERSION = YES;
				CLANG_WARN_COMMA = YES;
				CLANG_WARN_CONSTANT_CONVERSION = YES;
				CLANG_WARN_DEPRECATED_OBJC_IMPLEMENTATIONS = YES;
				CLANG_WARN_DIRECT_OBJC_ISA_USAGE = YES_ERROR;
				CLANG_WARN_DOCUMENTATION_COMMENTS = YES;
				CLANG_WARN_EMPTY_BODY = YES;
				CLANG_WARN_ENUM_CONVERSION = YES;
				CLANG_WARN_INFINITE_RECURSION = YES;
				CLANG_WARN_INT_CONVERSION = YES;
				CLANG_WARN_NON_LITERAL_NULL_CONVERSION = YES;
				CLANG_WARN_OBJC_IMPLICIT_RETAIN_SELF = YES;
				CLANG_WARN_OBJC_LITERAL_CONVERSION = YES;
				CLANG_WARN_OBJC_ROOT_CLASS = YES_ERROR;
				CLANG_WARN_RANGE_LOOP_ANALYSIS = YES;
				CLANG_WARN_STRICT_PROTOTYPES = YES;
				CLANG_WARN_SUSPICIOUS_MOVE = YES;
				CLANG_WARN_UNGUARDED_AVAILABILITY = YES_AGGRESSIVE;
				CLANG_WARN_UNREACHABLE_CODE = YES;
				CLANG_WARN__DUPLICATE_METHOD_MATCH = YES;
				CODE_SIGN_IDENTITY = "iPhone Developer";
				COPY_PHASE_STRIP = NO;
				DEBUG_INFORMATION_FORMAT = "dwarf-with-dsym";
				ENABLE_NS_ASSERTIONS = NO;
				ENABLE_STRICT_OBJC_MSGSEND = YES;
				GCC_C_LANGUAGE_STANDARD = gnu11;
				GCC_NO_COMMON_BLOCKS = YES;
				GCC_WARN_64_TO_32_BIT_CONVERSION = YES;
				GCC_WARN_ABOUT_RETURN_TYPE = YES_ERROR;
				GCC_WARN_UNDECLARED_SELECTOR = YES;
				GCC_WARN_UNINITIALIZED_AUTOS = YES_AGGRESSIVE;
				GCC_WARN_UNUSED_FUNCTION = YES;
				GCC_WARN_UNUSED_VARIABLE = YES;
				IPHONEOS_DEPLOYMENT_TARGET = 12.1;
				MTL_ENABLE_DEBUG_INFO = NO;
				MTL_FAST_MATH = YES;
				SDKROOT = iphoneos;
				SWIFT_COMPILATION_MODE = wholemodule;
				SWIFT_OPTIMIZATION_LEVEL = "-O";
				VALIDATE_PRODUCT = YES;
			};
			name = Release;
		};
		49FDC988222412BD0038D991 /* Debug */ = {
			isa = XCBuildConfiguration;
			buildSettings = {
				ASSETCATALOG_COMPILER_APPICON_NAME = AppIcon;
				CODE_SIGN_STYLE = Automatic;
				INFOPLIST_FILE = ContactList/Info.plist;
				LD_RUNPATH_SEARCH_PATHS = (
					"$(inherited)",
					"@executable_path/Frameworks",
				);
				PRODUCT_BUNDLE_IDENTIFIER = a.ContactList;
				PRODUCT_NAME = "$(TARGET_NAME)";
				SWIFT_VERSION = 4.2;
				TARGETED_DEVICE_FAMILY = "1,2";
			};
			name = Debug;
		};
		49FDC989222412BD0038D991 /* Release */ = {
			isa = XCBuildConfiguration;
			buildSettings = {
				ASSETCATALOG_COMPILER_APPICON_NAME = AppIcon;
				CODE_SIGN_STYLE = Automatic;
				INFOPLIST_FILE = ContactList/Info.plist;
				LD_RUNPATH_SEARCH_PATHS = (
					"$(inherited)",
					"@executable_path/Frameworks",
				);
				PRODUCT_BUNDLE_IDENTIFIER = a.ContactList;
				PRODUCT_NAME = "$(TARGET_NAME)";
				SWIFT_VERSION = 4.2;
				TARGETED_DEVICE_FAMILY = "1,2";
			};
			name = Release;
		};
		49FDC98B222412BD0038D991 /* Debug */ = {
			isa = XCBuildConfiguration;
			buildSettings = {
				ALWAYS_EMBED_SWIFT_STANDARD_LIBRARIES = YES;
				BUNDLE_LOADER = "$(TEST_HOST)";
				CODE_SIGN_STYLE = Automatic;
				INFOPLIST_FILE = ContactListTests/Info.plist;
				LD_RUNPATH_SEARCH_PATHS = (
					"$(inherited)",
					"@executable_path/Frameworks",
					"@loader_path/Frameworks",
				);
				PRODUCT_BUNDLE_IDENTIFIER = a.ContactListTests;
				PRODUCT_NAME = "$(TARGET_NAME)";
				SWIFT_VERSION = 4.2;
				TARGETED_DEVICE_FAMILY = "1,2";
				TEST_HOST = "$(BUILT_PRODUCTS_DIR)/ContactList.app/ContactList";
			};
			name = Debug;
		};
		49FDC98C222412BD0038D991 /* Release */ = {
			isa = XCBuildConfiguration;
			buildSettings = {
				ALWAYS_EMBED_SWIFT_STANDARD_LIBRARIES = YES;
				BUNDLE_LOADER = "$(TEST_HOST)";
				CODE_SIGN_STYLE = Automatic;
				INFOPLIST_FILE = ContactListTests/Info.plist;
				LD_RUNPATH_SEARCH_PATHS = (
					"$(inherited)",
					"@executable_path/Frameworks",
					"@loader_path/Frameworks",
				);
				PRODUCT_BUNDLE_IDENTIFIER = a.ContactListTests;
				PRODUCT_NAME = "$(TARGET_NAME)";
				SWIFT_VERSION = 4.2;
				TARGETED_DEVICE_FAMILY = "1,2";
				TEST_HOST = "$(BUILT_PRODUCTS_DIR)/ContactList.app/ContactList";
			};
			name = Release;
		};
		49FDC98E222412BD0038D991 /* Debug */ = {
			isa = XCBuildConfiguration;
			buildSettings = {
				ALWAYS_EMBED_SWIFT_STANDARD_LIBRARIES = YES;
				CODE_SIGN_STYLE = Automatic;
				INFOPLIST_FILE = ContactListUITests/Info.plist;
				LD_RUNPATH_SEARCH_PATHS = (
					"$(inherited)",
					"@executable_path/Frameworks",
					"@loader_path/Frameworks",
				);
				PRODUCT_BUNDLE_IDENTIFIER = a.ContactListUITests;
				PRODUCT_NAME = "$(TARGET_NAME)";
				SWIFT_VERSION = 4.2;
				TARGETED_DEVICE_FAMILY = "1,2";
				TEST_TARGET_NAME = ContactList;
			};
			name = Debug;
		};
		49FDC98F222412BD0038D991 /* Release */ = {
			isa = XCBuildConfiguration;
			buildSettings = {
				ALWAYS_EMBED_SWIFT_STANDARD_LIBRARIES = YES;
				CODE_SIGN_STYLE = Automatic;
				INFOPLIST_FILE = ContactListUITests/Info.plist;
				LD_RUNPATH_SEARCH_PATHS = (
					"$(inherited)",
					"@executable_path/Frameworks",
					"@loader_path/Frameworks",
				);
				PRODUCT_BUNDLE_IDENTIFIER = a.ContactListUITests;
				PRODUCT_NAME = "$(TARGET_NAME)";
				SWIFT_VERSION = 4.2;
				TARGETED_DEVICE_FAMILY = "1,2";
				TEST_TARGET_NAME = ContactList;
			};
			name = Release;
		};
/* End XCBuildConfiguration section */

/* Begin XCConfigurationList section */
		49FDC95A222412BB0038D991 /* Build configuration list for PBXProject "ContactList" */ = {
			isa = XCConfigurationList;
			buildConfigurations = (
				49FDC985222412BD0038D991 /* Debug */,
				49FDC986222412BD0038D991 /* Release */,
			);
			defaultConfigurationIsVisible = 0;
			defaultConfigurationName = Release;
		};
		49FDC987222412BD0038D991 /* Build configuration list for PBXNativeTarget "ContactList" */ = {
			isa = XCConfigurationList;
			buildConfigurations = (
				49FDC988222412BD0038D991 /* Debug */,
				49FDC989222412BD0038D991 /* Release */,
			);
			defaultConfigurationIsVisible = 0;
			defaultConfigurationName = Release;
		};
		49FDC98A222412BD0038D991 /* Build configuration list for PBXNativeTarget "ContactListTests" */ = {
			isa = XCConfigurationList;
			buildConfigurations = (
				49FDC98B222412BD0038D991 /* Debug */,
				49FDC98C222412BD0038D991 /* Release */,
			);
			defaultConfigurationIsVisible = 0;
			defaultConfigurationName = Release;
		};
		49FDC98D222412BD0038D991 /* Build configuration list for PBXNativeTarget "ContactListUITests" */ = {
			isa = XCConfigurationList;
			buildConfigurations = (
				49FDC98E222412BD0038D991 /* Debug */,
				49FDC98F222412BD0038D991 /* Release */,
			);
			defaultConfigurationIsVisible = 0;
			defaultConfigurationName = Release;
		};
/* End XCConfigurationList section */
	};
	rootObject = 49FDC957222412BB0038D991 /* Project object */;
}
